schema: '2.0'
stages:
  load_data:
    cmd: python src/load_data.py --config=params.yaml
    deps:
    - path: data_given/winequality.csv
      md5: ccc8d3507eb151f53f760d36abdef888
      size: 91998
    - path: src/get_data.py
      md5: 46f830f8a80b98767b66b6c1f18c4e2e
      size: 850
    - path: src/load_data.py
      md5: 6c9f83cb54f1ff7b01112c4c971d05ad
      size: 806
    outs:
    - path: data/raw/winequality.csv
      md5: d98e8f2eca228c11c4de1cc96866a54d
      size: 93598
